
Microsoft Visual Studio Solution File, Format Version 12.00
# Visual Studio Version 16
VisualStudioVersion = 16.0.30907.101
MinimumVisualStudioVersion = 10.0.40219.1
Project("{FAE04EC0-301F-11D3-BF4B-00C04F79EFBC}") = "Day14_Extended_Polymerization", "Day14_Extended_Polymerization\Day14_Extended_Polymerization.csproj", "{05BC50E7-7066-4C7B-A826-67682755311B}"
EndProject
Global
	GlobalSection(SolutionConfigurationPlatforms) = preSolution
		Debug|Any CPU = Debug|Any CPU
		Release|Any CPU = Release|Any CPU
	EndGlobalSection
	GlobalSection(ProjectConfigurationPlatforms) = postSolution
		{05BC50E7-7066-4C7B-A826-67682755311B}.Debug|Any CPU.ActiveCfg = Debug|Any CPU
		{05BC50E7-7066-4C7B-A826-67682755311B}.Debug|Any CPU.Build.0 = Debug|Any CPU
		{05BC50E7-7066-4C7B-A826-67682755311B}.Release|Any CPU.ActiveCfg = Release|Any CPU
		{05BC50E7-7066-4C7B-A826-67682755311B}.Release|Any CPU.Build.0 = Release|Any CPU
	EndGlobalSection
	GlobalSection(SolutionProperties) = preSolution
		HideSolutionNode = FALSE
	EndGlobalSection
	GlobalSection(ExtensibilityGlobals) = postSolution
		SolutionGuid = {B63ED7F9-5803-460A-8D1C-F2A3ECA92853}
	EndGlobalSection
EndGlobal
